
Microsoft Visual Studio Solution File, Format Version 12.00
# Visual Studio Version 17
VisualStudioVersion = 17.8.34511.84
MinimumVisualStudioVersion = 10.0.40219.1
Project("{FAE04EC0-301F-11D3-BF4B-00C04F79EFBC}") = "NET105_Bai5", "NET105_Bai5\NET105_Bai5.csproj", "{60E0ADD8-A8D6-4175-A283-072D2A2C4241}"
EndProject
Global
	GlobalSection(SolutionConfigurationPlatforms) = preSolution
		Debug|Any CPU = Debug|Any CPU
		Release|Any CPU = Release|Any CPU
	EndGlobalSection
	GlobalSection(ProjectConfigurationPlatforms) = postSolution
		{60E0ADD8-A8D6-4175-A283-072D2A2C4241}.Debug|Any CPU.ActiveCfg = Debug|Any CPU
		{60E0ADD8-A8D6-4175-A283-072D2A2C4241}.Debug|Any CPU.Build.0 = Debug|Any CPU
		{60E0ADD8-A8D6-4175-A283-072D2A2C4241}.Release|Any CPU.ActiveCfg = Release|Any CPU
		{60E0ADD8-A8D6-4175-A283-072D2A2C4241}.Release|Any CPU.Build.0 = Release|Any CPU
	EndGlobalSection
	GlobalSection(SolutionProperties) = preSolution
		HideSolutionNode = FALSE
	EndGlobalSection
	GlobalSection(ExtensibilityGlobals) = postSolution
		SolutionGuid = {52E3BCF2-8EA8-47F7-BAA9-51AE42BC006E}
	EndGlobalSection
EndGlobal
